
Microsoft Visual Studio Solution File, Format Version 12.00
Project("{2150E333-8FDC-42A3-9474-1A3956D46DE8}") = "Shpr_1", "Shpr_1", "{CA65EBAD-1A15-4AA1-9023-16A2F2DF63FD}"
EndProject
Project("{FAE04EC0-301F-11D3-BF4B-00C04F79EFBC}") = "FactoryPlugin", "Shpr_1\FactoryPlugin\FactoryPlugin.csproj", "{073EED71-AE13-476B-A9BB-08034BCC5547}"
EndProject
Project("{FAE04EC0-301F-11D3-BF4B-00C04F79EFBC}") = "HelloPlugin", "Shpr_1\HelloPlugin\HelloPlugin.csproj", "{8C414BA6-6FBA-46E1-ACF0-3AE6C0866A6E}"
EndProject
Project("{FAE04EC0-301F-11D3-BF4B-00C04F79EFBC}") = "RandomNumberPlugin", "Shpr_1\RandomNumberPlugin\RandomNumberPlugin.csproj", "{DD3B6FD6-7E6F-4663-870A-F6005CAE60BA}"
EndProject
Project("{2150E333-8FDC-42A3-9474-1A3956D46DE8}") = "Shpr_2", "Shpr_2", "{C6F021FA-6C0A-4E95-93F9-5C2502929570}"
EndProject
Project("{FAE04EC0-301F-11D3-BF4B-00C04F79EFBC}") = "Shpr2", "Shpr_2\Shpr2\Shpr2.csproj", "{25C00700-43E3-43C5-BA50-6042B1383848}"
EndProject
Global
	GlobalSection(SolutionConfigurationPlatforms) = preSolution
		Debug|Any CPU = Debug|Any CPU
		Release|Any CPU = Release|Any CPU
	EndGlobalSection
	GlobalSection(ProjectConfigurationPlatforms) = postSolution
		{453F7AB0-2863-4867-83BF-836F15A06447}.Debug|Any CPU.ActiveCfg = Debug|Any CPU
		{453F7AB0-2863-4867-83BF-836F15A06447}.Debug|Any CPU.Build.0 = Debug|Any CPU
		{453F7AB0-2863-4867-83BF-836F15A06447}.Release|Any CPU.ActiveCfg = Release|Any CPU
		{453F7AB0-2863-4867-83BF-836F15A06447}.Release|Any CPU.Build.0 = Release|Any CPU
		{53427104-BBFB-4CDA-9D74-A50A22C59943}.Debug|Any CPU.ActiveCfg = Debug|Any CPU
		{53427104-BBFB-4CDA-9D74-A50A22C59943}.Debug|Any CPU.Build.0 = Debug|Any CPU
		{53427104-BBFB-4CDA-9D74-A50A22C59943}.Release|Any CPU.ActiveCfg = Release|Any CPU
		{53427104-BBFB-4CDA-9D74-A50A22C59943}.Release|Any CPU.Build.0 = Release|Any CPU
		{073EED71-AE13-476B-A9BB-08034BCC5547}.Debug|Any CPU.ActiveCfg = Debug|Any CPU
		{073EED71-AE13-476B-A9BB-08034BCC5547}.Debug|Any CPU.Build.0 = Debug|Any CPU
		{073EED71-AE13-476B-A9BB-08034BCC5547}.Release|Any CPU.ActiveCfg = Release|Any CPU
		{073EED71-AE13-476B-A9BB-08034BCC5547}.Release|Any CPU.Build.0 = Release|Any CPU
		{8C414BA6-6FBA-46E1-ACF0-3AE6C0866A6E}.Debug|Any CPU.ActiveCfg = Debug|Any CPU
		{8C414BA6-6FBA-46E1-ACF0-3AE6C0866A6E}.Debug|Any CPU.Build.0 = Debug|Any CPU
		{8C414BA6-6FBA-46E1-ACF0-3AE6C0866A6E}.Release|Any CPU.ActiveCfg = Release|Any CPU
		{8C414BA6-6FBA-46E1-ACF0-3AE6C0866A6E}.Release|Any CPU.Build.0 = Release|Any CPU
		{DD3B6FD6-7E6F-4663-870A-F6005CAE60BA}.Debug|Any CPU.ActiveCfg = Debug|Any CPU
		{DD3B6FD6-7E6F-4663-870A-F6005CAE60BA}.Debug|Any CPU.Build.0 = Debug|Any CPU
		{DD3B6FD6-7E6F-4663-870A-F6005CAE60BA}.Release|Any CPU.ActiveCfg = Release|Any CPU
		{DD3B6FD6-7E6F-4663-870A-F6005CAE60BA}.Release|Any CPU.Build.0 = Release|Any CPU
		{25C00700-43E3-43C5-BA50-6042B1383848}.Debug|Any CPU.ActiveCfg = Debug|Any CPU
		{25C00700-43E3-43C5-BA50-6042B1383848}.Debug|Any CPU.Build.0 = Debug|Any CPU
		{25C00700-43E3-43C5-BA50-6042B1383848}.Release|Any CPU.ActiveCfg = Release|Any CPU
		{25C00700-43E3-43C5-BA50-6042B1383848}.Release|Any CPU.Build.0 = Release|Any CPU
	EndGlobalSection
	GlobalSection(NestedProjects) = preSolution
		{073EED71-AE13-476B-A9BB-08034BCC5547} = {CA65EBAD-1A15-4AA1-9023-16A2F2DF63FD}
		{8C414BA6-6FBA-46E1-ACF0-3AE6C0866A6E} = {CA65EBAD-1A15-4AA1-9023-16A2F2DF63FD}
		{DD3B6FD6-7E6F-4663-870A-F6005CAE60BA} = {CA65EBAD-1A15-4AA1-9023-16A2F2DF63FD}
		{25C00700-43E3-43C5-BA50-6042B1383848} = {C6F021FA-6C0A-4E95-93F9-5C2502929570}
	EndGlobalSection
EndGlobal
